// !$*UTF8*$!
{
	archiveVersion = 1;
	classes = {
	};
	objectVersion = 50;
	objects = {

/* Begin PBXBuildFile section */
		010B3368CBE2330AA8110E28 /* Pods_MercadoLivreDesafio.framework in Frameworks */ = {isa = PBXBuildFile; fileRef = 494468A3E5BCFE9F1D59D98E /* Pods_MercadoLivreDesafio.framework */; };
		D62C7BE02257B47B00E1270B /* ProductService.swift in Sources */ = {isa = PBXBuildFile; fileRef = D62C7BDF2257B47B00E1270B /* ProductService.swift */; };
		D62C7BE42257DD0800E1270B /* ProductListIteractor.swift in Sources */ = {isa = PBXBuildFile; fileRef = D62C7BE32257DD0800E1270B /* ProductListIteractor.swift */; };
		D62C7BE62257E53E00E1270B /* ProductListPresenter.swift in Sources */ = {isa = PBXBuildFile; fileRef = D62C7BE52257E53E00E1270B /* ProductListPresenter.swift */; };
		D62C7BE82257E85B00E1270B /* ProductListViewController.swift in Sources */ = {isa = PBXBuildFile; fileRef = D62C7BE72257E85B00E1270B /* ProductListViewController.swift */; };
		D6B710122255550E00AE6399 /* AppDelegate.swift in Sources */ = {isa = PBXBuildFile; fileRef = D6B710112255550E00AE6399 /* AppDelegate.swift */; };
		D6B710142255550E00AE6399 /* ViewController.swift in Sources */ = {isa = PBXBuildFile; fileRef = D6B710132255550E00AE6399 /* ViewController.swift */; };
		D6B710192255551000AE6399 /* Assets.xcassets in Resources */ = {isa = PBXBuildFile; fileRef = D6B710182255551000AE6399 /* Assets.xcassets */; };
		D6B7101C2255551000AE6399 /* LaunchScreen.storyboard in Resources */ = {isa = PBXBuildFile; fileRef = D6B7101A2255551000AE6399 /* LaunchScreen.storyboard */; };
		D6B710282255575B00AE6399 /* EndPointType.swift in Sources */ = {isa = PBXBuildFile; fileRef = D6B710272255575B00AE6399 /* EndPointType.swift */; };
		D6B7102A225557FE00AE6399 /* HTTPMethod.swift in Sources */ = {isa = PBXBuildFile; fileRef = D6B71029225557FE00AE6399 /* HTTPMethod.swift */; };
		D6B7102C225558BE00AE6399 /* HTTPTask.swift in Sources */ = {isa = PBXBuildFile; fileRef = D6B7102B225558BE00AE6399 /* HTTPTask.swift */; };
		D6B7102E2255614800AE6399 /* NetworkError.swift in Sources */ = {isa = PBXBuildFile; fileRef = D6B7102D2255614800AE6399 /* NetworkError.swift */; };
		D6B710312255624A00AE6399 /* URLParameterEncoder.swift in Sources */ = {isa = PBXBuildFile; fileRef = D6B710302255624A00AE6399 /* URLParameterEncoder.swift */; };
		D6B710332255628C00AE6399 /* ParameterEncoder.swift in Sources */ = {isa = PBXBuildFile; fileRef = D6B710322255628C00AE6399 /* ParameterEncoder.swift */; };
		D6B7103522566B9300AE6399 /* JSONParameterEncoder.swift in Sources */ = {isa = PBXBuildFile; fileRef = D6B7103422566B9300AE6399 /* JSONParameterEncoder.swift */; };
		D6B7103722566CFE00AE6399 /* NetworkRouter.swift in Sources */ = {isa = PBXBuildFile; fileRef = D6B7103622566CFE00AE6399 /* NetworkRouter.swift */; };
		D6B7103922566DFC00AE6399 /* Router.swift in Sources */ = {isa = PBXBuildFile; fileRef = D6B7103822566DFC00AE6399 /* Router.swift */; };
		D6B7103D22567F9E00AE6399 /* ProductEndPoint.swift in Sources */ = {isa = PBXBuildFile; fileRef = D6B7103C22567F9E00AE6399 /* ProductEndPoint.swift */; };
		D6B7104122568DC900AE6399 /* Product.swift in Sources */ = {isa = PBXBuildFile; fileRef = D6B7104022568DC900AE6399 /* Product.swift */; };
		D6B710442256947300AE6399 /* NetworkManager.swift in Sources */ = {isa = PBXBuildFile; fileRef = D6B710432256947300AE6399 /* NetworkManager.swift */; };
		D6B71046225791B900AE6399 /* Result.swift in Sources */ = {isa = PBXBuildFile; fileRef = D6B71045225791B900AE6399 /* Result.swift */; };
		D6CF46252257E9F60044597B /* CodeView.swift in Sources */ = {isa = PBXBuildFile; fileRef = D6CF46242257E9F60044597B /* CodeView.swift */; };
		D6CF46282257EBFA0044597B /* ProductItemCell.swift in Sources */ = {isa = PBXBuildFile; fileRef = D6CF46272257EBFA0044597B /* ProductItemCell.swift */; };
		D6CF462B2258E6150044597B /* ApplicationCoordinator.swift in Sources */ = {isa = PBXBuildFile; fileRef = D6CF462A2258E6150044597B /* ApplicationCoordinator.swift */; };
		D6CF462D2258E6270044597B /* Coordinator.swift in Sources */ = {isa = PBXBuildFile; fileRef = D6CF462C2258E6270044597B /* Coordinator.swift */; };
		D6CF462F2258E7770044597B /* ProductListCoordinator.swift in Sources */ = {isa = PBXBuildFile; fileRef = D6CF462E2258E7770044597B /* ProductListCoordinator.swift */; };
		D6CF46312258E8DD0044597B /* ProductListConfigurator.swift in Sources */ = {isa = PBXBuildFile; fileRef = D6CF46302258E8DD0044597B /* ProductListConfigurator.swift */; };
		D6CF46332258EE9A0044597B /* ProductListDataSourceDelegate.swift in Sources */ = {isa = PBXBuildFile; fileRef = D6CF46322258EE9A0044597B /* ProductListDataSourceDelegate.swift */; };
		D6CF46352258F07B0044597B /* UITableView+ReusableView.swift in Sources */ = {isa = PBXBuildFile; fileRef = D6CF46342258F07B0044597B /* UITableView+ReusableView.swift */; };
		D6CF46372258F0B40044597B /* Reusable.swift in Sources */ = {isa = PBXBuildFile; fileRef = D6CF46362258F0B40044597B /* Reusable.swift */; };
		D6CF463B2259023F0044597B /* RoundedImage.swift in Sources */ = {isa = PBXBuildFile; fileRef = D6CF463A2259023F0044597B /* RoundedImage.swift */; };
		D6CF4647225906FE0044597B /* Localizable.strings in Resources */ = {isa = PBXBuildFile; fileRef = D6CF4645225906FE0044597B /* Localizable.strings */; };
		D6CF464E225913B20044597B /* String+Localizable.swift in Sources */ = {isa = PBXBuildFile; fileRef = D6CF464D225913B20044597B /* String+Localizable.swift */; };
		D6CF465422591D780044597B /* ImageFetcher.swift in Sources */ = {isa = PBXBuildFile; fileRef = D6CF465322591D780044597B /* ImageFetcher.swift */; };
		D6CF4661225932670044597B /* EmptyDataView.swift in Sources */ = {isa = PBXBuildFile; fileRef = D6CF4660225932670044597B /* EmptyDataView.swift */; };
		D6CF46632259340B0044597B /* UITableView+EmptyView.swift in Sources */ = {isa = PBXBuildFile; fileRef = D6CF46622259340B0044597B /* UITableView+EmptyView.swift */; };
/* End PBXBuildFile section */

/* Begin PBXCopyFilesBuildPhase section */
		D6CF465F225931A30044597B /* Embed Frameworks */ = {
			isa = PBXCopyFilesBuildPhase;
			buildActionMask = 2147483647;
			dstPath = "";
			dstSubfolderSpec = 10;
			files = (
			);
			name = "Embed Frameworks";
			runOnlyForDeploymentPostprocessing = 0;
		};
/* End PBXCopyFilesBuildPhase section */

/* Begin PBXFileReference section */
		494468A3E5BCFE9F1D59D98E /* Pods_MercadoLivreDesafio.framework */ = {isa = PBXFileReference; explicitFileType = wrapper.framework; includeInIndex = 0; path = Pods_MercadoLivreDesafio.framework; sourceTree = BUILT_PRODUCTS_DIR; };
		C5B4EC66007E8ABC698CF32C /* Pods-MercadoLivreDesafio.debug.xcconfig */ = {isa = PBXFileReference; includeInIndex = 1; lastKnownFileType = text.xcconfig; name = "Pods-MercadoLivreDesafio.debug.xcconfig"; path = "Pods/Target Support Files/Pods-MercadoLivreDesafio/Pods-MercadoLivreDesafio.debug.xcconfig"; sourceTree = "<group>"; };
		D62C7BDF2257B47B00E1270B /* ProductService.swift */ = {isa = PBXFileReference; lastKnownFileType = sourcecode.swift; path = ProductService.swift; sourceTree = "<group>"; };
		D62C7BE32257DD0800E1270B /* ProductListIteractor.swift */ = {isa = PBXFileReference; lastKnownFileType = sourcecode.swift; path = ProductListIteractor.swift; sourceTree = "<group>"; };
		D62C7BE52257E53E00E1270B /* ProductListPresenter.swift */ = {isa = PBXFileReference; lastKnownFileType = sourcecode.swift; path = ProductListPresenter.swift; sourceTree = "<group>"; };
		D62C7BE72257E85B00E1270B /* ProductListViewController.swift */ = {isa = PBXFileReference; lastKnownFileType = sourcecode.swift; path = ProductListViewController.swift; sourceTree = "<group>"; };
		D6B7100E2255550E00AE6399 /* MercadoLivreDesafio.app */ = {isa = PBXFileReference; explicitFileType = wrapper.application; includeInIndex = 0; path = MercadoLivreDesafio.app; sourceTree = BUILT_PRODUCTS_DIR; };
		D6B710112255550E00AE6399 /* AppDelegate.swift */ = {isa = PBXFileReference; lastKnownFileType = sourcecode.swift; path = AppDelegate.swift; sourceTree = "<group>"; };
		D6B710132255550E00AE6399 /* ViewController.swift */ = {isa = PBXFileReference; lastKnownFileType = sourcecode.swift; path = ViewController.swift; sourceTree = "<group>"; };
		D6B710182255551000AE6399 /* Assets.xcassets */ = {isa = PBXFileReference; lastKnownFileType = folder.assetcatalog; path = Assets.xcassets; sourceTree = "<group>"; };
		D6B7101B2255551000AE6399 /* Base */ = {isa = PBXFileReference; lastKnownFileType = file.storyboard; name = Base; path = Base.lproj/LaunchScreen.storyboard; sourceTree = "<group>"; };
		D6B7101D2255551000AE6399 /* Info.plist */ = {isa = PBXFileReference; lastKnownFileType = text.plist.xml; path = Info.plist; sourceTree = "<group>"; };
		D6B710272255575B00AE6399 /* EndPointType.swift */ = {isa = PBXFileReference; lastKnownFileType = sourcecode.swift; path = EndPointType.swift; sourceTree = "<group>"; };
		D6B71029225557FE00AE6399 /* HTTPMethod.swift */ = {isa = PBXFileReference; lastKnownFileType = sourcecode.swift; path = HTTPMethod.swift; sourceTree = "<group>"; };
		D6B7102B225558BE00AE6399 /* HTTPTask.swift */ = {isa = PBXFileReference; lastKnownFileType = sourcecode.swift; path = HTTPTask.swift; sourceTree = "<group>"; };
		D6B7102D2255614800AE6399 /* NetworkError.swift */ = {isa = PBXFileReference; lastKnownFileType = sourcecode.swift; path = NetworkError.swift; sourceTree = "<group>"; };
		D6B710302255624A00AE6399 /* URLParameterEncoder.swift */ = {isa = PBXFileReference; lastKnownFileType = sourcecode.swift; path = URLParameterEncoder.swift; sourceTree = "<group>"; };
		D6B710322255628C00AE6399 /* ParameterEncoder.swift */ = {isa = PBXFileReference; lastKnownFileType = sourcecode.swift; path = ParameterEncoder.swift; sourceTree = "<group>"; };
		D6B7103422566B9300AE6399 /* JSONParameterEncoder.swift */ = {isa = PBXFileReference; lastKnownFileType = sourcecode.swift; path = JSONParameterEncoder.swift; sourceTree = "<group>"; };
		D6B7103622566CFE00AE6399 /* NetworkRouter.swift */ = {isa = PBXFileReference; lastKnownFileType = sourcecode.swift; path = NetworkRouter.swift; sourceTree = "<group>"; };
		D6B7103822566DFC00AE6399 /* Router.swift */ = {isa = PBXFileReference; lastKnownFileType = sourcecode.swift; path = Router.swift; sourceTree = "<group>"; };
		D6B7103C22567F9E00AE6399 /* ProductEndPoint.swift */ = {isa = PBXFileReference; lastKnownFileType = sourcecode.swift; path = ProductEndPoint.swift; sourceTree = "<group>"; };
		D6B7104022568DC900AE6399 /* Product.swift */ = {isa = PBXFileReference; lastKnownFileType = sourcecode.swift; path = Product.swift; sourceTree = "<group>"; };
		D6B710432256947300AE6399 /* NetworkManager.swift */ = {isa = PBXFileReference; lastKnownFileType = sourcecode.swift; path = NetworkManager.swift; sourceTree = "<group>"; };
		D6B71045225791B900AE6399 /* Result.swift */ = {isa = PBXFileReference; lastKnownFileType = sourcecode.swift; path = Result.swift; sourceTree = "<group>"; };
		D6CF46242257E9F60044597B /* CodeView.swift */ = {isa = PBXFileReference; lastKnownFileType = sourcecode.swift; path = CodeView.swift; sourceTree = "<group>"; };
		D6CF46272257EBFA0044597B /* ProductItemCell.swift */ = {isa = PBXFileReference; lastKnownFileType = sourcecode.swift; path = ProductItemCell.swift; sourceTree = "<group>"; };
		D6CF462A2258E6150044597B /* ApplicationCoordinator.swift */ = {isa = PBXFileReference; lastKnownFileType = sourcecode.swift; path = ApplicationCoordinator.swift; sourceTree = "<group>"; };
		D6CF462C2258E6270044597B /* Coordinator.swift */ = {isa = PBXFileReference; lastKnownFileType = sourcecode.swift; path = Coordinator.swift; sourceTree = "<group>"; };
		D6CF462E2258E7770044597B /* ProductListCoordinator.swift */ = {isa = PBXFileReference; lastKnownFileType = sourcecode.swift; path = ProductListCoordinator.swift; sourceTree = "<group>"; };
		D6CF46302258E8DD0044597B /* ProductListConfigurator.swift */ = {isa = PBXFileReference; lastKnownFileType = sourcecode.swift; path = ProductListConfigurator.swift; sourceTree = "<group>"; };
		D6CF46322258EE9A0044597B /* ProductListDataSourceDelegate.swift */ = {isa = PBXFileReference; lastKnownFileType = sourcecode.swift; path = ProductListDataSourceDelegate.swift; sourceTree = "<group>"; };
		D6CF46342258F07B0044597B /* UITableView+ReusableView.swift */ = {isa = PBXFileReference; lastKnownFileType = sourcecode.swift; path = "UITableView+ReusableView.swift"; sourceTree = "<group>"; };
		D6CF46362258F0B40044597B /* Reusable.swift */ = {isa = PBXFileReference; lastKnownFileType = sourcecode.swift; path = Reusable.swift; sourceTree = "<group>"; };
		D6CF463A2259023F0044597B /* RoundedImage.swift */ = {isa = PBXFileReference; lastKnownFileType = sourcecode.swift; path = RoundedImage.swift; sourceTree = "<group>"; };
		D6CF4646225906FE0044597B /* Base */ = {isa = PBXFileReference; lastKnownFileType = text.plist.strings; name = Base; path = Base.lproj/Localizable.strings; sourceTree = "<group>"; };
		D6CF4648225907CD0044597B /* pt-BR */ = {isa = PBXFileReference; lastKnownFileType = text.plist.strings; name = "pt-BR"; path = "pt-BR.lproj/LaunchScreen.strings"; sourceTree = "<group>"; };
		D6CF4649225907D70044597B /* es */ = {isa = PBXFileReference; lastKnownFileType = text.plist.strings; name = es; path = es.lproj/LaunchScreen.strings; sourceTree = "<group>"; };
		D6CF464B225908060044597B /* es */ = {isa = PBXFileReference; lastKnownFileType = text.plist.strings; name = es; path = es.lproj/Localizable.strings; sourceTree = "<group>"; };
		D6CF464C2259080C0044597B /* pt-br */ = {isa = PBXFileReference; lastKnownFileType = text.plist.strings; name = "pt-br"; path = "pt-br.lproj/Localizable.strings"; sourceTree = "<group>"; };
		D6CF464D225913B20044597B /* String+Localizable.swift */ = {isa = PBXFileReference; lastKnownFileType = sourcecode.swift; path = "String+Localizable.swift"; sourceTree = "<group>"; };
		D6CF464F225914D30044597B /* en */ = {isa = PBXFileReference; lastKnownFileType = text.plist.strings; name = en; path = en.lproj/Localizable.strings; sourceTree = "<group>"; };
		D6CF465322591D780044597B /* ImageFetcher.swift */ = {isa = PBXFileReference; lastKnownFileType = sourcecode.swift; path = ImageFetcher.swift; sourceTree = "<group>"; };
		D6CF4660225932670044597B /* EmptyDataView.swift */ = {isa = PBXFileReference; lastKnownFileType = sourcecode.swift; path = EmptyDataView.swift; sourceTree = "<group>"; };
		D6CF46622259340B0044597B /* UITableView+EmptyView.swift */ = {isa = PBXFileReference; lastKnownFileType = sourcecode.swift; path = "UITableView+EmptyView.swift"; sourceTree = "<group>"; };
		E593A1811B21C820DCF3BA9D /* Pods-MercadoLivreDesafio.release.xcconfig */ = {isa = PBXFileReference; includeInIndex = 1; lastKnownFileType = text.xcconfig; name = "Pods-MercadoLivreDesafio.release.xcconfig"; path = "Pods/Target Support Files/Pods-MercadoLivreDesafio/Pods-MercadoLivreDesafio.release.xcconfig"; sourceTree = "<group>"; };
/* End PBXFileReference section */

/* Begin PBXFrameworksBuildPhase section */
		D6B7100B2255550E00AE6399 /* Frameworks */ = {
			isa = PBXFrameworksBuildPhase;
			buildActionMask = 2147483647;
			files = (
				010B3368CBE2330AA8110E28 /* Pods_MercadoLivreDesafio.framework in Frameworks */,
			);
			runOnlyForDeploymentPostprocessing = 0;
		};
/* End PBXFrameworksBuildPhase section */

/* Begin PBXGroup section */
		40ED8675AF99A494B309F3B8 /* Pods */ = {
			isa = PBXGroup;
			children = (
				C5B4EC66007E8ABC698CF32C /* Pods-MercadoLivreDesafio.debug.xcconfig */,
				E593A1811B21C820DCF3BA9D /* Pods-MercadoLivreDesafio.release.xcconfig */,
			);
			name = Pods;
			sourceTree = "<group>";
		};
		D540BA30225A57190099CB0E /* ProductDetail */ = {
			isa = PBXGroup;
			children = (
			);
			path = ProductDetail;
			sourceTree = "<group>";
		};
		D62C7BE12257DB3900E1270B /* Scenes */ = {
			isa = PBXGroup;
			children = (
				D540BA30225A57190099CB0E /* ProductDetail */,
				D62C7BE22257DB5600E1270B /* ProductList */,
			);
			path = Scenes;
			sourceTree = "<group>";
		};
		D62C7BE22257DB5600E1270B /* ProductList */ = {
			isa = PBXGroup;
			children = (
				D6CF46262257EBDA0044597B /* Views */,
				D62C7BE32257DD0800E1270B /* ProductListIteractor.swift */,
				D62C7BE52257E53E00E1270B /* ProductListPresenter.swift */,
				D62C7BE72257E85B00E1270B /* ProductListViewController.swift */,
				D6CF462E2258E7770044597B /* ProductListCoordinator.swift */,
				D6CF46302258E8DD0044597B /* ProductListConfigurator.swift */,
				D6CF46322258EE9A0044597B /* ProductListDataSourceDelegate.swift */,
			);
			path = ProductList;
			sourceTree = "<group>";
		};
		D6B710052255550E00AE6399 = {
			isa = PBXGroup;
			children = (
				D6B710102255550E00AE6399 /* MercadoLivreDesafio */,
				D6B7100F2255550E00AE6399 /* Products */,
				D6CF465022591D400044597B /* Frameworks */,
				40ED8675AF99A494B309F3B8 /* Pods */,
			);
			sourceTree = "<group>";
		};
		D6B7100F2255550E00AE6399 /* Products */ = {
			isa = PBXGroup;
			children = (
				D6B7100E2255550E00AE6399 /* MercadoLivreDesafio.app */,
			);
			name = Products;
			sourceTree = "<group>";
		};
		D6B710102255550E00AE6399 /* MercadoLivreDesafio */ = {
			isa = PBXGroup;
			children = (
				D6CF46232257E95D0044597B /* Support */,
				D62C7BE12257DB3900E1270B /* Scenes */,
				D6B71023225555F500AE6399 /* Core */,
				D6B7103F22568D6500AE6399 /* Models */,
				D6B7103E22568D5900AE6399 /* Services */,
				D6CF463C2259043A0044597B /* Resources */,
				D6B710112255550E00AE6399 /* AppDelegate.swift */,
				D6B710132255550E00AE6399 /* ViewController.swift */,
				D6B710182255551000AE6399 /* Assets.xcassets */,
				D6B7101A2255551000AE6399 /* LaunchScreen.storyboard */,
				D6B7101D2255551000AE6399 /* Info.plist */,
			);
			path = MercadoLivreDesafio;
			sourceTree = "<group>";
		};
		D6B71023225555F500AE6399 /* Core */ = {
			isa = PBXGroup;
			children = (
				D6B71024225555FB00AE6399 /* Network */,
			);
			path = Core;
			sourceTree = "<group>";
		};
		D6B71024225555FB00AE6399 /* Network */ = {
			isa = PBXGroup;
			children = (
				D6B710422256946500AE6399 /* Manager */,
				D6B7102F2255622B00AE6399 /* Encoding */,
				D6B710262255573A00AE6399 /* Service */,
			);
			path = Network;
			sourceTree = "<group>";
		};
		D6B71025225556C200AE6399 /* EndPoint */ = {
			isa = PBXGroup;
			children = (
				D6B7103C22567F9E00AE6399 /* ProductEndPoint.swift */,
			);
			path = EndPoint;
			sourceTree = "<group>";
		};
		D6B710262255573A00AE6399 /* Service */ = {
			isa = PBXGroup;
			children = (
				D6B710272255575B00AE6399 /* EndPointType.swift */,
				D6B71029225557FE00AE6399 /* HTTPMethod.swift */,
				D6B7102B225558BE00AE6399 /* HTTPTask.swift */,
				D6B7102D2255614800AE6399 /* NetworkError.swift */,
				D6B7103622566CFE00AE6399 /* NetworkRouter.swift */,
				D6B7103822566DFC00AE6399 /* Router.swift */,
			);
			path = Service;
			sourceTree = "<group>";
		};
		D6B7102F2255622B00AE6399 /* Encoding */ = {
			isa = PBXGroup;
			children = (
				D6B710322255628C00AE6399 /* ParameterEncoder.swift */,
				D6B710302255624A00AE6399 /* URLParameterEncoder.swift */,
				D6B7103422566B9300AE6399 /* JSONParameterEncoder.swift */,
			);
			path = Encoding;
			sourceTree = "<group>";
		};
		D6B7103E22568D5900AE6399 /* Services */ = {
			isa = PBXGroup;
			children = (
				D6B71025225556C200AE6399 /* EndPoint */,
				D62C7BDF2257B47B00E1270B /* ProductService.swift */,
			);
			path = Services;
			sourceTree = "<group>";
		};
		D6B7103F22568D6500AE6399 /* Models */ = {
			isa = PBXGroup;
			children = (
				D6B7104022568DC900AE6399 /* Product.swift */,
			);
			path = Models;
			sourceTree = "<group>";
		};
		D6B710422256946500AE6399 /* Manager */ = {
			isa = PBXGroup;
			children = (
				D6B710432256947300AE6399 /* NetworkManager.swift */,
				D6B71045225791B900AE6399 /* Result.swift */,
			);
			path = Manager;
			sourceTree = "<group>";
		};
		D6CF46232257E95D0044597B /* Support */ = {
			isa = PBXGroup;
			children = (
				D6CF46292258E5FD0044597B /* Coordinator */,
				D6CF463A2259023F0044597B /* RoundedImage.swift */,
				D6CF46242257E9F60044597B /* CodeView.swift */,
				D6CF46342258F07B0044597B /* UITableView+ReusableView.swift */,
				D6CF46362258F0B40044597B /* Reusable.swift */,
				D6CF464D225913B20044597B /* String+Localizable.swift */,
				D6CF465322591D780044597B /* ImageFetcher.swift */,
				D6CF46622259340B0044597B /* UITableView+EmptyView.swift */,
			);
			path = Support;
			sourceTree = "<group>";
		};
		D6CF46262257EBDA0044597B /* Views */ = {
			isa = PBXGroup;
			children = (
				D6CF46272257EBFA0044597B /* ProductItemCell.swift */,
				D6CF4660225932670044597B /* EmptyDataView.swift */,
			);
			path = Views;
			sourceTree = "<group>";
		};
		D6CF46292258E5FD0044597B /* Coordinator */ = {
			isa = PBXGroup;
			children = (
				D6CF462A2258E6150044597B /* ApplicationCoordinator.swift */,
				D6CF462C2258E6270044597B /* Coordinator.swift */,
			);
			path = Coordinator;
			sourceTree = "<group>";
		};
		D6CF463C2259043A0044597B /* Resources */ = {
			isa = PBXGroup;
			children = (
				D6CF4644225906A50044597B /* Localizable */,
			);
			path = Resources;
			sourceTree = "<group>";
		};
		D6CF4644225906A50044597B /* Localizable */ = {
			isa = PBXGroup;
			children = (
				D6CF4645225906FE0044597B /* Localizable.strings */,
			);
			path = Localizable;
			sourceTree = "<group>";
		};
		D6CF465022591D400044597B /* Frameworks */ = {
			isa = PBXGroup;
			children = (
				494468A3E5BCFE9F1D59D98E /* Pods_MercadoLivreDesafio.framework */,
			);
			name = Frameworks;
			sourceTree = "<group>";
		};
/* End PBXGroup section */

/* Begin PBXNativeTarget section */
		D6B7100D2255550E00AE6399 /* MercadoLivreDesafio */ = {
			isa = PBXNativeTarget;
			buildConfigurationList = D6B710202255551000AE6399 /* Build configuration list for PBXNativeTarget "MercadoLivreDesafio" */;
			buildPhases = (
				12CBF8B0D5D368C51AD249BE /* [CP] Check Pods Manifest.lock */,
				D6B7100A2255550E00AE6399 /* Sources */,
				D6B7100B2255550E00AE6399 /* Frameworks */,
				D6B7100C2255550E00AE6399 /* Resources */,
				D6CF465F225931A30044597B /* Embed Frameworks */,
				E85A0CFD6D268889C2F8CE11 /* [CP] Embed Pods Frameworks */,
			);
			buildRules = (
			);
			dependencies = (
			);
			name = MercadoLivreDesafio;
			productName = MercadoLivreDesafio;
			productReference = D6B7100E2255550E00AE6399 /* MercadoLivreDesafio.app */;
			productType = "com.apple.product-type.application";
		};
/* End PBXNativeTarget section */

/* Begin PBXProject section */
		D6B710062255550E00AE6399 /* Project object */ = {
			isa = PBXProject;
			attributes = {
				LastSwiftUpdateCheck = 1010;
				LastUpgradeCheck = 1010;
				ORGANIZATIONNAME = "Henrique Prudêncio";
				TargetAttributes = {
					D6B7100D2255550E00AE6399 = {
						CreatedOnToolsVersion = 10.1;
					};
				};
			};
			buildConfigurationList = D6B710092255550E00AE6399 /* Build configuration list for PBXProject "MercadoLivreDesafio" */;
			compatibilityVersion = "Xcode 9.3";
			developmentRegion = en;
			hasScannedForEncodings = 0;
			knownRegions = (
				en,
				Base,
				"pt-BR",
				es,
				"pt-br",
			);
			mainGroup = D6B710052255550E00AE6399;
			productRefGroup = D6B7100F2255550E00AE6399 /* Products */;
			projectDirPath = "";
			projectRoot = "";
			targets = (
				D6B7100D2255550E00AE6399 /* MercadoLivreDesafio */,
			);
		};
/* End PBXProject section */

/* Begin PBXResourcesBuildPhase section */
		D6B7100C2255550E00AE6399 /* Resources */ = {
			isa = PBXResourcesBuildPhase;
			buildActionMask = 2147483647;
			files = (
				D6B7101C2255551000AE6399 /* LaunchScreen.storyboard in Resources */,
				D6CF4647225906FE0044597B /* Localizable.strings in Resources */,
				D6B710192255551000AE6399 /* Assets.xcassets in Resources */,
			);
			runOnlyForDeploymentPostprocessing = 0;
		};
/* End PBXResourcesBuildPhase section */

/* Begin PBXShellScriptBuildPhase section */
		12CBF8B0D5D368C51AD249BE /* [CP] Check Pods Manifest.lock */ = {
			isa = PBXShellScriptBuildPhase;
			buildActionMask = 2147483647;
			files = (
			);
			inputPaths = (
				"${PODS_PODFILE_DIR_PATH}/Podfile.lock",
				"${PODS_ROOT}/Manifest.lock",
			);
			name = "[CP] Check Pods Manifest.lock";
			outputPaths = (
				"$(DERIVED_FILE_DIR)/Pods-MercadoLivreDesafio-checkManifestLockResult.txt",
			);
			runOnlyForDeploymentPostprocessing = 0;
			shellPath = /bin/sh;
			shellScript = "diff \"${PODS_PODFILE_DIR_PATH}/Podfile.lock\" \"${PODS_ROOT}/Manifest.lock\" > /dev/null\nif [ $? != 0 ] ; then\n    # print error to STDERR\n    echo \"error: The sandbox is not in sync with the Podfile.lock. Run 'pod install' or update your CocoaPods installation.\" >&2\n    exit 1\nfi\n# This output is used by Xcode 'outputs' to avoid re-running this script phase.\necho \"SUCCESS\" > \"${SCRIPT_OUTPUT_FILE_0}\"\n";
			showEnvVarsInLog = 0;
		};
		E85A0CFD6D268889C2F8CE11 /* [CP] Embed Pods Frameworks */ = {
			isa = PBXShellScriptBuildPhase;
			buildActionMask = 2147483647;
			files = (
			);
			inputPaths = (
				"${SRCROOT}/Pods/Target Support Files/Pods-MercadoLivreDesafio/Pods-MercadoLivreDesafio-frameworks.sh",
				"${BUILT_PRODUCTS_DIR}/Kingfisher/Kingfisher.framework",
			);
			name = "[CP] Embed Pods Frameworks";
			outputPaths = (
				"${TARGET_BUILD_DIR}/${FRAMEWORKS_FOLDER_PATH}/Kingfisher.framework",
			);
			runOnlyForDeploymentPostprocessing = 0;
			shellPath = /bin/sh;
			shellScript = "\"${SRCROOT}/Pods/Target Support Files/Pods-MercadoLivreDesafio/Pods-MercadoLivreDesafio-frameworks.sh\"\n";
			showEnvVarsInLog = 0;
		};
/* End PBXShellScriptBuildPhase section */

/* Begin PBXSourcesBuildPhase section */
		D6B7100A2255550E00AE6399 /* Sources */ = {
			isa = PBXSourcesBuildPhase;
			buildActionMask = 2147483647;
			files = (
				D6CF46312258E8DD0044597B /* ProductListConfigurator.swift in Sources */,
				D6CF46282257EBFA0044597B /* ProductItemCell.swift in Sources */,
				D6B7103922566DFC00AE6399 /* Router.swift in Sources */,
				D62C7BE02257B47B00E1270B /* ProductService.swift in Sources */,
				D6B7102A225557FE00AE6399 /* HTTPMethod.swift in Sources */,
				D6CF462F2258E7770044597B /* ProductListCoordinator.swift in Sources */,
				D6CF46252257E9F60044597B /* CodeView.swift in Sources */,
				D6B7102C225558BE00AE6399 /* HTTPTask.swift in Sources */,
				D6B710332255628C00AE6399 /* ParameterEncoder.swift in Sources */,
				D6CF46332258EE9A0044597B /* ProductListDataSourceDelegate.swift in Sources */,
				D6B710142255550E00AE6399 /* ViewController.swift in Sources */,
				D6CF464E225913B20044597B /* String+Localizable.swift in Sources */,
				D62C7BE62257E53E00E1270B /* ProductListPresenter.swift in Sources */,
				D6B7102E2255614800AE6399 /* NetworkError.swift in Sources */,
				D6CF46352258F07B0044597B /* UITableView+ReusableView.swift in Sources */,
				D62C7BE42257DD0800E1270B /* ProductListIteractor.swift in Sources */,
				D6B71046225791B900AE6399 /* Result.swift in Sources */,
				D6CF465422591D780044597B /* ImageFetcher.swift in Sources */,
				D6CF4661225932670044597B /* EmptyDataView.swift in Sources */,
				D6B7103522566B9300AE6399 /* JSONParameterEncoder.swift in Sources */,
				D62C7BE82257E85B00E1270B /* ProductListViewController.swift in Sources */,
				D6CF463B2259023F0044597B /* RoundedImage.swift in Sources */,
				D6CF46632259340B0044597B /* UITableView+EmptyView.swift in Sources */,
				D6B710312255624A00AE6399 /* URLParameterEncoder.swift in Sources */,
				D6B7103722566CFE00AE6399 /* NetworkRouter.swift in Sources */,
				D6CF46372258F0B40044597B /* Reusable.swift in Sources */,
				D6B710122255550E00AE6399 /* AppDelegate.swift in Sources */,
				D6CF462D2258E6270044597B /* Coordinator.swift in Sources */,
				D6B710442256947300AE6399 /* NetworkManager.swift in Sources */,
				D6B7103D22567F9E00AE6399 /* ProductEndPoint.swift in Sources */,
				D6B710282255575B00AE6399 /* EndPointType.swift in Sources */,
				D6B7104122568DC900AE6399 /* Product.swift in Sources */,
				D6CF462B2258E6150044597B /* ApplicationCoordinator.swift in Sources */,
			);
			runOnlyForDeploymentPostprocessing = 0;
		};
/* End PBXSourcesBuildPhase section */

/* Begin PBXVariantGroup section */
		D6B7101A2255551000AE6399 /* LaunchScreen.storyboard */ = {
			isa = PBXVariantGroup;
			children = (
				D6B7101B2255551000AE6399 /* Base */,
				D6CF4648225907CD0044597B /* pt-BR */,
				D6CF4649225907D70044597B /* es */,
			);
			name = LaunchScreen.storyboard;
			sourceTree = "<group>";
		};
		D6CF4645225906FE0044597B /* Localizable.strings */ = {
			isa = PBXVariantGroup;
			children = (
				D6CF4646225906FE0044597B /* Base */,
				D6CF464B225908060044597B /* es */,
				D6CF464C2259080C0044597B /* pt-br */,
				D6CF464F225914D30044597B /* en */,
			);
			name = Localizable.strings;
			sourceTree = "<group>";
		};
/* End PBXVariantGroup section */

/* Begin XCBuildConfiguration section */
		D6B7101E2255551000AE6399 /* Debug */ = {
			isa = XCBuildConfiguration;
			buildSettings = {
				ALWAYS_SEARCH_USER_PATHS = NO;
				CLANG_ANALYZER_LOCALIZABILITY_NONLOCALIZED = YES;
				CLANG_ANALYZER_NONNULL = YES;
				CLANG_ANALYZER_NUMBER_OBJECT_CONVERSION = YES_AGGRESSIVE;
				CLANG_CXX_LANGUAGE_STANDARD = "gnu++14";
				CLANG_CXX_LIBRARY = "libc++";
				CLANG_ENABLE_MODULES = YES;
				CLANG_ENABLE_OBJC_ARC = YES;
				CLANG_ENABLE_OBJC_WEAK = YES;
				CLANG_WARN_BLOCK_CAPTURE_AUTORELEASING = YES;
				CLANG_WARN_BOOL_CONVERSION = YES;
				CLANG_WARN_COMMA = YES;
				CLANG_WARN_CONSTANT_CONVERSION = YES;
				CLANG_WARN_DEPRECATED_OBJC_IMPLEMENTATIONS = YES;
				CLANG_WARN_DIRECT_OBJC_ISA_USAGE = YES_ERROR;
				CLANG_WARN_DOCUMENTATION_COMMENTS = YES;
				CLANG_WARN_EMPTY_BODY = YES;
				CLANG_WARN_ENUM_CONVERSION = YES;
				CLANG_WARN_INFINITE_RECURSION = YES;
				CLANG_WARN_INT_CONVERSION = YES;
				CLANG_WARN_NON_LITERAL_NULL_CONVERSION = YES;
				CLANG_WARN_OBJC_IMPLICIT_RETAIN_SELF = YES;
				CLANG_WARN_OBJC_LITERAL_CONVERSION = YES;
				CLANG_WARN_OBJC_ROOT_CLASS = YES_ERROR;
				CLANG_WARN_RANGE_LOOP_ANALYSIS = YES;
				CLANG_WARN_STRICT_PROTOTYPES = YES;
				CLANG_WARN_SUSPICIOUS_MOVE = YES;
				CLANG_WARN_UNGUARDED_AVAILABILITY = YES_AGGRESSIVE;
				CLANG_WARN_UNREACHABLE_CODE = YES;
				CLANG_WARN__DUPLICATE_METHOD_MATCH = YES;
				CODE_SIGN_IDENTITY = "iPhone Developer";
				COPY_PHASE_STRIP = NO;
				DEBUG_INFORMATION_FORMAT = dwarf;
				ENABLE_STRICT_OBJC_MSGSEND = YES;
				ENABLE_TESTABILITY = YES;
				GCC_C_LANGUAGE_STANDARD = gnu11;
				GCC_DYNAMIC_NO_PIC = NO;
				GCC_NO_COMMON_BLOCKS = YES;
				GCC_OPTIMIZATION_LEVEL = 0;
				GCC_PREPROCESSOR_DEFINITIONS = (
					"DEBUG=1",
					"$(inherited)",
				);
				GCC_WARN_64_TO_32_BIT_CONVERSION = YES;
				GCC_WARN_ABOUT_RETURN_TYPE = YES_ERROR;
				GCC_WARN_UNDECLARED_SELECTOR = YES;
				GCC_WARN_UNINITIALIZED_AUTOS = YES_AGGRESSIVE;
				GCC_WARN_UNUSED_FUNCTION = YES;
				GCC_WARN_UNUSED_VARIABLE = YES;
				IPHONEOS_DEPLOYMENT_TARGET = 12.1;
				MTL_ENABLE_DEBUG_INFO = INCLUDE_SOURCE;
				MTL_FAST_MATH = YES;
				ONLY_ACTIVE_ARCH = YES;
				SDKROOT = iphoneos;
				SWIFT_ACTIVE_COMPILATION_CONDITIONS = DEBUG;
				SWIFT_OPTIMIZATION_LEVEL = "-Onone";
			};
			name = Debug;
		};
		D6B7101F2255551000AE6399 /* Release */ = {
			isa = XCBuildConfiguration;
			buildSettings = {
				ALWAYS_SEARCH_USER_PATHS = NO;
				CLANG_ANALYZER_LOCALIZABILITY_NONLOCALIZED = YES;
				CLANG_ANALYZER_NONNULL = YES;
				CLANG_ANALYZER_NUMBER_OBJECT_CONVERSION = YES_AGGRESSIVE;
				CLANG_CXX_LANGUAGE_STANDARD = "gnu++14";
				CLANG_CXX_LIBRARY = "libc++";
				CLANG_ENABLE_MODULES = YES;
				CLANG_ENABLE_OBJC_ARC = YES;
				CLANG_ENABLE_OBJC_WEAK = YES;
				CLANG_WARN_BLOCK_CAPTURE_AUTORELEASING = YES;
				CLANG_WARN_BOOL_CONVERSION = YES;
				CLANG_WARN_COMMA = YES;
				CLANG_WARN_CONSTANT_CONVERSION = YES;
				CLANG_WARN_DEPRECATED_OBJC_IMPLEMENTATIONS = YES;
				CLANG_WARN_DIRECT_OBJC_ISA_USAGE = YES_ERROR;
				CLANG_WARN_DOCUMENTATION_COMMENTS = YES;
				CLANG_WARN_EMPTY_BODY = YES;
				CLANG_WARN_ENUM_CONVERSION = YES;
				CLANG_WARN_INFINITE_RECURSION = YES;
				CLANG_WARN_INT_CONVERSION = YES;
				CLANG_WARN_NON_LITERAL_NULL_CONVERSION = YES;
				CLANG_WARN_OBJC_IMPLICIT_RETAIN_SELF = YES;
				CLANG_WARN_OBJC_LITERAL_CONVERSION = YES;
				CLANG_WARN_OBJC_ROOT_CLASS = YES_ERROR;
				CLANG_WARN_RANGE_LOOP_ANALYSIS = YES;
				CLANG_WARN_STRICT_PROTOTYPES = YES;
				CLANG_WARN_SUSPICIOUS_MOVE = YES;
				CLANG_WARN_UNGUARDED_AVAILABILITY = YES_AGGRESSIVE;
				CLANG_WARN_UNREACHABLE_CODE = YES;
				CLANG_WARN__DUPLICATE_METHOD_MATCH = YES;
				CODE_SIGN_IDENTITY = "iPhone Developer";
				COPY_PHASE_STRIP = NO;
				DEBUG_INFORMATION_FORMAT = "dwarf-with-dsym";
				ENABLE_NS_ASSERTIONS = NO;
				ENABLE_STRICT_OBJC_MSGSEND = YES;
				GCC_C_LANGUAGE_STANDARD = gnu11;
				GCC_NO_COMMON_BLOCKS = YES;
				GCC_WARN_64_TO_32_BIT_CONVERSION = YES;
				GCC_WARN_ABOUT_RETURN_TYPE = YES_ERROR;
				GCC_WARN_UNDECLARED_SELECTOR = YES;
				GCC_WARN_UNINITIALIZED_AUTOS = YES_AGGRESSIVE;
				GCC_WARN_UNUSED_FUNCTION = YES;
				GCC_WARN_UNUSED_VARIABLE = YES;
				IPHONEOS_DEPLOYMENT_TARGET = 12.1;
				MTL_ENABLE_DEBUG_INFO = NO;
				MTL_FAST_MATH = YES;
				SDKROOT = iphoneos;
				SWIFT_COMPILATION_MODE = wholemodule;
				SWIFT_OPTIMIZATION_LEVEL = "-O";
				VALIDATE_PRODUCT = YES;
			};
			name = Release;
		};
		D6B710212255551000AE6399 /* Debug */ = {
			isa = XCBuildConfiguration;
			baseConfigurationReference = C5B4EC66007E8ABC698CF32C /* Pods-MercadoLivreDesafio.debug.xcconfig */;
			buildSettings = {
				ASSETCATALOG_COMPILER_APPICON_NAME = AppIcon;
				CODE_SIGN_STYLE = Automatic;
				DEVELOPMENT_TEAM = 7N8NL8R3ZZ;
				FRAMEWORK_SEARCH_PATHS = (
					"$(inherited)",
					"$(PROJECT_DIR)/Carthage/Build/iOS",
				);
				INFOPLIST_FILE = MercadoLivreDesafio/Info.plist;
				IPHONEOS_DEPLOYMENT_TARGET = 11.0;
				LD_RUNPATH_SEARCH_PATHS = (
					"$(inherited)",
					"@executable_path/Frameworks",
				);
				PRODUCT_BUNDLE_IDENTIFIER = henrique.prudencio.mercadolivreDesafio;
				PRODUCT_NAME = "$(TARGET_NAME)";
				SWIFT_VERSION = 4.2;
				TARGETED_DEVICE_FAMILY = "1,2";
			};
			name = Debug;
		};
		D6B710222255551000AE6399 /* Release */ = {
			isa = XCBuildConfiguration;
			baseConfigurationReference = E593A1811B21C820DCF3BA9D /* Pods-MercadoLivreDesafio.release.xcconfig */;
			buildSettings = {
				ASSETCATALOG_COMPILER_APPICON_NAME = AppIcon;
				CODE_SIGN_STYLE = Automatic;
				DEVELOPMENT_TEAM = 7N8NL8R3ZZ;
				FRAMEWORK_SEARCH_PATHS = (
					"$(inherited)",
					"$(PROJECT_DIR)/Carthage/Build/iOS",
				);
				INFOPLIST_FILE = MercadoLivreDesafio/Info.plist;
				IPHONEOS_DEPLOYMENT_TARGET = 11.0;
				LD_RUNPATH_SEARCH_PATHS = (
					"$(inherited)",
					"@executable_path/Frameworks",
				);
				PRODUCT_BUNDLE_IDENTIFIER = henrique.prudencio.mercadolivreDesafio;
				PRODUCT_NAME = "$(TARGET_NAME)";
				SWIFT_VERSION = 4.2;
				TARGETED_DEVICE_FAMILY = "1,2";
			};
			name = Release;
		};
/* End XCBuildConfiguration section */

/* Begin XCConfigurationList section */
		D6B710092255550E00AE6399 /* Build configuration list for PBXProject "MercadoLivreDesafio" */ = {
			isa = XCConfigurationList;
			buildConfigurations = (
				D6B7101E2255551000AE6399 /* Debug */,
				D6B7101F2255551000AE6399 /* Release */,
			);
			defaultConfigurationIsVisible = 0;
			defaultConfigurationName = Release;
		};
		D6B710202255551000AE6399 /* Build configuration list for PBXNativeTarget "MercadoLivreDesafio" */ = {
			isa = XCConfigurationList;
			buildConfigurations = (
				D6B710212255551000AE6399 /* Debug */,
				D6B710222255551000AE6399 /* Release */,
			);
			defaultConfigurationIsVisible = 0;
			defaultConfigurationName = Release;
		};
/* End XCConfigurationList section */
	};
	rootObject = D6B710062255550E00AE6399 /* Project object */;
}
